// !$*UTF8*$!
{
	archiveVersion = 1;
	classes = {
	};
	objectVersion = 56;
	objects = {

/* Begin PBXBuildFile section */
		CEAF38B22BA40C9F002F8F96 /* OnboardingScreens.swift in Sources */ = {isa = PBXBuildFile; fileRef = CEAF38B12BA40C9F002F8F96 /* OnboardingScreens.swift */; };
		CEAF38B52BA40CB6002F8F96 /* Constants.swift in Sources */ = {isa = PBXBuildFile; fileRef = CEAF38B42BA40CB6002F8F96 /* Constants.swift */; };
		CEAF38B72BA40F5F002F8F96 /* ColorConstants.swift in Sources */ = {isa = PBXBuildFile; fileRef = CEAF38B62BA40F5F002F8F96 /* ColorConstants.swift */; };
		CEAF38B92BA41FDA002F8F96 /* HomeViewScreen.swift in Sources */ = {isa = PBXBuildFile; fileRef = CEAF38B82BA41FDA002F8F96 /* HomeViewScreen.swift */; };
		CEAF38BC2BA42011002F8F96 /* customeTabBar.swift in Sources */ = {isa = PBXBuildFile; fileRef = CEAF38BB2BA42011002F8F96 /* customeTabBar.swift */; };
		CEAF38BE2BA42484002F8F96 /* tabViewScreen.swift in Sources */ = {isa = PBXBuildFile; fileRef = CEAF38BD2BA42484002F8F96 /* tabViewScreen.swift */; };
		CEAF38C02BA42545002F8F96 /* statisticsViewScreen.swift in Sources */ = {isa = PBXBuildFile; fileRef = CEAF38BF2BA42545002F8F96 /* statisticsViewScreen.swift */; };
		CEAF38C22BA42550002F8F96 /* settingViewScreen.swift in Sources */ = {isa = PBXBuildFile; fileRef = CEAF38C12BA42550002F8F96 /* settingViewScreen.swift */; };
		CEAF38C42BA425D4002F8F96 /* Enums.swift in Sources */ = {isa = PBXBuildFile; fileRef = CEAF38C32BA425D4002F8F96 /* Enums.swift */; };
		CEAF38CB2BA44F06002F8F96 /* circularProgressView.swift in Sources */ = {isa = PBXBuildFile; fileRef = CEAF38CA2BA44F06002F8F96 /* circularProgressView.swift */; };
		CEAF38CD2BA45918002F8F96 /* barChartView.swift in Sources */ = {isa = PBXBuildFile; fileRef = CEAF38CC2BA45918002F8F96 /* barChartView.swift */; };
		CEAF38CF2BA4598E002F8F96 /* BarcChartModel.swift in Sources */ = {isa = PBXBuildFile; fileRef = CEAF38CE2BA4598E002F8F96 /* BarcChartModel.swift */; };
		CEEDF10B2BA2F116009017E9 /* HydraMateApp.swift in Sources */ = {isa = PBXBuildFile; fileRef = CEEDF10A2BA2F116009017E9 /* HydraMateApp.swift */; };
		CEEDF10D2BA2F116009017E9 /* ContentView.swift in Sources */ = {isa = PBXBuildFile; fileRef = CEEDF10C2BA2F116009017E9 /* ContentView.swift */; };
		CEEDF10F2BA2F118009017E9 /* Assets.xcassets in Resources */ = {isa = PBXBuildFile; fileRef = CEEDF10E2BA2F118009017E9 /* Assets.xcassets */; };
		CEEDF1122BA2F118009017E9 /* Preview Assets.xcassets in Resources */ = {isa = PBXBuildFile; fileRef = CEEDF1112BA2F118009017E9 /* Preview Assets.xcassets */; };
		CEEDF1142BA2F118009017E9 /* Persistence.swift in Sources */ = {isa = PBXBuildFile; fileRef = CEEDF1132BA2F118009017E9 /* Persistence.swift */; };
		CEEDF1172BA2F118009017E9 /* HydraMate.xcdatamodeld in Sources */ = {isa = PBXBuildFile; fileRef = CEEDF1152BA2F118009017E9 /* HydraMate.xcdatamodeld */; };
/* End PBXBuildFile section */

/* Begin PBXFileReference section */
		CEAF38B12BA40C9F002F8F96 /* OnboardingScreens.swift */ = {isa = PBXFileReference; lastKnownFileType = sourcecode.swift; path = OnboardingScreens.swift; sourceTree = "<group>"; };
		CEAF38B42BA40CB6002F8F96 /* Constants.swift */ = {isa = PBXFileReference; lastKnownFileType = sourcecode.swift; path = Constants.swift; sourceTree = "<group>"; };
		CEAF38B62BA40F5F002F8F96 /* ColorConstants.swift */ = {isa = PBXFileReference; lastKnownFileType = sourcecode.swift; path = ColorConstants.swift; sourceTree = "<group>"; };
		CEAF38B82BA41FDA002F8F96 /* HomeViewScreen.swift */ = {isa = PBXFileReference; lastKnownFileType = sourcecode.swift; path = HomeViewScreen.swift; sourceTree = "<group>"; };
		CEAF38BB2BA42011002F8F96 /* customeTabBar.swift */ = {isa = PBXFileReference; lastKnownFileType = sourcecode.swift; path = customeTabBar.swift; sourceTree = "<group>"; };
		CEAF38BD2BA42484002F8F96 /* tabViewScreen.swift */ = {isa = PBXFileReference; lastKnownFileType = sourcecode.swift; path = tabViewScreen.swift; sourceTree = "<group>"; };
		CEAF38BF2BA42545002F8F96 /* statisticsViewScreen.swift */ = {isa = PBXFileReference; lastKnownFileType = sourcecode.swift; path = statisticsViewScreen.swift; sourceTree = "<group>"; };
		CEAF38C12BA42550002F8F96 /* settingViewScreen.swift */ = {isa = PBXFileReference; lastKnownFileType = sourcecode.swift; path = settingViewScreen.swift; sourceTree = "<group>"; };
		CEAF38C32BA425D4002F8F96 /* Enums.swift */ = {isa = PBXFileReference; lastKnownFileType = sourcecode.swift; path = Enums.swift; sourceTree = "<group>"; };
		CEAF38CA2BA44F06002F8F96 /* circularProgressView.swift */ = {isa = PBXFileReference; lastKnownFileType = sourcecode.swift; path = circularProgressView.swift; sourceTree = "<group>"; };
		CEAF38CC2BA45918002F8F96 /* barChartView.swift */ = {isa = PBXFileReference; lastKnownFileType = sourcecode.swift; path = barChartView.swift; sourceTree = "<group>"; };
		CEAF38CE2BA4598E002F8F96 /* BarcChartModel.swift */ = {isa = PBXFileReference; lastKnownFileType = sourcecode.swift; path = BarcChartModel.swift; sourceTree = "<group>"; };
		CEEDF1072BA2F116009017E9 /* HydraMate.app */ = {isa = PBXFileReference; explicitFileType = wrapper.application; includeInIndex = 0; path = HydraMate.app; sourceTree = BUILT_PRODUCTS_DIR; };
		CEEDF10A2BA2F116009017E9 /* HydraMateApp.swift */ = {isa = PBXFileReference; lastKnownFileType = sourcecode.swift; path = HydraMateApp.swift; sourceTree = "<group>"; };
		CEEDF10C2BA2F116009017E9 /* ContentView.swift */ = {isa = PBXFileReference; lastKnownFileType = sourcecode.swift; path = ContentView.swift; sourceTree = "<group>"; };
		CEEDF10E2BA2F118009017E9 /* Assets.xcassets */ = {isa = PBXFileReference; lastKnownFileType = folder.assetcatalog; path = Assets.xcassets; sourceTree = "<group>"; };
		CEEDF1112BA2F118009017E9 /* Preview Assets.xcassets */ = {isa = PBXFileReference; lastKnownFileType = folder.assetcatalog; path = "Preview Assets.xcassets"; sourceTree = "<group>"; };
		CEEDF1132BA2F118009017E9 /* Persistence.swift */ = {isa = PBXFileReference; lastKnownFileType = sourcecode.swift; path = Persistence.swift; sourceTree = "<group>"; };
		CEEDF1162BA2F118009017E9 /* HydraMate.xcdatamodel */ = {isa = PBXFileReference; lastKnownFileType = wrapper.xcdatamodel; path = HydraMate.xcdatamodel; sourceTree = "<group>"; };
/* End PBXFileReference section */

/* Begin PBXFrameworksBuildPhase section */
		CEEDF1042BA2F116009017E9 /* Frameworks */ = {
			isa = PBXFrameworksBuildPhase;
			buildActionMask = 2147483647;
			files = (
			);
			runOnlyForDeploymentPostprocessing = 0;
		};
/* End PBXFrameworksBuildPhase section */

/* Begin PBXGroup section */
		CEAF38B02BA40C84002F8F96 /* Screens */ = {
			isa = PBXGroup;
			children = (
				CEAF38B12BA40C9F002F8F96 /* OnboardingScreens.swift */,
				CEAF38BD2BA42484002F8F96 /* tabViewScreen.swift */,
				CEAF38B82BA41FDA002F8F96 /* HomeViewScreen.swift */,
				CEAF38BF2BA42545002F8F96 /* statisticsViewScreen.swift */,
				CEAF38C12BA42550002F8F96 /* settingViewScreen.swift */,
			);
			path = Screens;
			sourceTree = "<group>";
		};
		CEAF38B32BA40CA6002F8F96 /* Constants */ = {
			isa = PBXGroup;
			children = (
				CEAF38B42BA40CB6002F8F96 /* Constants.swift */,
				CEAF38B62BA40F5F002F8F96 /* ColorConstants.swift */,
			);
			path = Constants;
			sourceTree = "<group>";
		};
		CEAF38BA2BA42002002F8F96 /* Views */ = {
			isa = PBXGroup;
			children = (
				CEAF38BB2BA42011002F8F96 /* customeTabBar.swift */,
				CEAF38CA2BA44F06002F8F96 /* circularProgressView.swift */,
				CEAF38CC2BA45918002F8F96 /* barChartView.swift */,
			);
			path = Views;
			sourceTree = "<group>";
		};
		CEAF38C72BA42CB2002F8F96 /* Model */ = {
			isa = PBXGroup;
			children = (
				CEAF38CE2BA4598E002F8F96 /* BarcChartModel.swift */,
			);
			path = Model;
			sourceTree = "<group>";
		};
		CEEDF0FE2BA2F116009017E9 = {
			isa = PBXGroup;
			children = (
				CEEDF1092BA2F116009017E9 /* HydraMate */,
				CEEDF1082BA2F116009017E9 /* Products */,
			);
			sourceTree = "<group>";
		};
		CEEDF1082BA2F116009017E9 /* Products */ = {
			isa = PBXGroup;
			children = (
				CEEDF1072BA2F116009017E9 /* HydraMate.app */,
			);
			name = Products;
			sourceTree = "<group>";
		};
		CEEDF1092BA2F116009017E9 /* HydraMate */ = {
			isa = PBXGroup;
			children = (
				CEEDF10E2BA2F118009017E9 /* Assets.xcassets */,
				CEAF38B32BA40CA6002F8F96 /* Constants */,
				CEEDF10C2BA2F116009017E9 /* ContentView.swift */,
				CEAF38C32BA425D4002F8F96 /* Enums.swift */,
				CEEDF1152BA2F118009017E9 /* HydraMate.xcdatamodeld */,
				CEEDF10A2BA2F116009017E9 /* HydraMateApp.swift */,
				CEAF38C72BA42CB2002F8F96 /* Model */,
				CEEDF1132BA2F118009017E9 /* Persistence.swift */,
				CEEDF1102BA2F118009017E9 /* Preview Content */,
				CEAF38B02BA40C84002F8F96 /* Screens */,
				CEAF38BA2BA42002002F8F96 /* Views */,
			);
			path = HydraMate;
			sourceTree = "<group>";
		};
		CEEDF1102BA2F118009017E9 /* Preview Content */ = {
			isa = PBXGroup;
			children = (
				CEEDF1112BA2F118009017E9 /* Preview Assets.xcassets */,
			);
			path = "Preview Content";
			sourceTree = "<group>";
		};
/* End PBXGroup section */

/* Begin PBXNativeTarget section */
		CEEDF1062BA2F116009017E9 /* HydraMate */ = {
			isa = PBXNativeTarget;
			buildConfigurationList = CEEDF11A2BA2F118009017E9 /* Build configuration list for PBXNativeTarget "HydraMate" */;
			buildPhases = (
				CEEDF1032BA2F116009017E9 /* Sources */,
				CEEDF1042BA2F116009017E9 /* Frameworks */,
				CEEDF1052BA2F116009017E9 /* Resources */,
			);
			buildRules = (
			);
			dependencies = (
			);
			name = HydraMate;
			productName = HydraMate;
			productReference = CEEDF1072BA2F116009017E9 /* HydraMate.app */;
			productType = "com.apple.product-type.application";
		};
/* End PBXNativeTarget section */

/* Begin PBXProject section */
		CEEDF0FF2BA2F116009017E9 /* Project object */ = {
			isa = PBXProject;
			attributes = {
				BuildIndependentTargetsInParallel = 1;
				LastSwiftUpdateCheck = 1500;
				LastUpgradeCheck = 1500;
				TargetAttributes = {
					CEEDF1062BA2F116009017E9 = {
						CreatedOnToolsVersion = 15.0;
					};
				};
			};
			buildConfigurationList = CEEDF1022BA2F116009017E9 /* Build configuration list for PBXProject "HydraMate" */;
			compatibilityVersion = "Xcode 14.0";
			developmentRegion = en;
			hasScannedForEncodings = 0;
			knownRegions = (
				en,
				Base,
			);
			mainGroup = CEEDF0FE2BA2F116009017E9;
			productRefGroup = CEEDF1082BA2F116009017E9 /* Products */;
			projectDirPath = "";
			projectRoot = "";
			targets = (
				CEEDF1062BA2F116009017E9 /* HydraMate */,
			);
		};
/* End PBXProject section */

/* Begin PBXResourcesBuildPhase section */
		CEEDF1052BA2F116009017E9 /* Resources */ = {
			isa = PBXResourcesBuildPhase;
			buildActionMask = 2147483647;
			files = (
				CEEDF1122BA2F118009017E9 /* Preview Assets.xcassets in Resources */,
				CEEDF10F2BA2F118009017E9 /* Assets.xcassets in Resources */,
			);
			runOnlyForDeploymentPostprocessing = 0;
		};
/* End PBXResourcesBuildPhase section */

/* Begin PBXSourcesBuildPhase section */
		CEEDF1032BA2F116009017E9 /* Sources */ = {
			isa = PBXSourcesBuildPhase;
			buildActionMask = 2147483647;
			files = (
				CEAF38CB2BA44F06002F8F96 /* circularProgressView.swift in Sources */,
				CEEDF1142BA2F118009017E9 /* Persistence.swift in Sources */,
				CEAF38CD2BA45918002F8F96 /* barChartView.swift in Sources */,
				CEEDF1172BA2F118009017E9 /* HydraMate.xcdatamodeld in Sources */,
				CEAF38BC2BA42011002F8F96 /* customeTabBar.swift in Sources */,
				CEAF38B72BA40F5F002F8F96 /* ColorConstants.swift in Sources */,
				CEAF38B92BA41FDA002F8F96 /* HomeViewScreen.swift in Sources */,
				CEAF38B22BA40C9F002F8F96 /* OnboardingScreens.swift in Sources */,
				CEAF38C02BA42545002F8F96 /* statisticsViewScreen.swift in Sources */,
				CEAF38C42BA425D4002F8F96 /* Enums.swift in Sources */,
				CEAF38CF2BA4598E002F8F96 /* BarcChartModel.swift in Sources */,
				CEEDF10D2BA2F116009017E9 /* ContentView.swift in Sources */,
				CEEDF10B2BA2F116009017E9 /* HydraMateApp.swift in Sources */,
				CEAF38BE2BA42484002F8F96 /* tabViewScreen.swift in Sources */,
				CEAF38B52BA40CB6002F8F96 /* Constants.swift in Sources */,
				CEAF38C22BA42550002F8F96 /* settingViewScreen.swift in Sources */,
			);
			runOnlyForDeploymentPostprocessing = 0;
		};
/* End PBXSourcesBuildPhase section */

/* Begin XCBuildConfiguration section */
		CEEDF1182BA2F118009017E9 /* Debug */ = {
			isa = XCBuildConfiguration;
			buildSettings = {
				ALWAYS_SEARCH_USER_PATHS = NO;
				ASSETCATALOG_COMPILER_GENERATE_SWIFT_ASSET_SYMBOL_EXTENSIONS = YES;
				CLANG_ANALYZER_NONNULL = YES;
				CLANG_ANALYZER_NUMBER_OBJECT_CONVERSION = YES_AGGRESSIVE;
				CLANG_CXX_LANGUAGE_STANDARD = "gnu++20";
				CLANG_ENABLE_MODULES = YES;
				CLANG_ENABLE_OBJC_ARC = YES;
				CLANG_ENABLE_OBJC_WEAK = YES;
				CLANG_WARN_BLOCK_CAPTURE_AUTORELEASING = YES;
				CLANG_WARN_BOOL_CONVERSION = YES;
				CLANG_WARN_COMMA = YES;
				CLANG_WARN_CONSTANT_CONVERSION = YES;
				CLANG_WARN_DEPRECATED_OBJC_IMPLEMENTATIONS = YES;
				CLANG_WARN_DIRECT_OBJC_ISA_USAGE = YES_ERROR;
				CLANG_WARN_DOCUMENTATION_COMMENTS = YES;
				CLANG_WARN_EMPTY_BODY = YES;
				CLANG_WARN_ENUM_CONVERSION = YES;
				CLANG_WARN_INFINITE_RECURSION = YES;
				CLANG_WARN_INT_CONVERSION = YES;
				CLANG_WARN_NON_LITERAL_NULL_CONVERSION = YES;
				CLANG_WARN_OBJC_IMPLICIT_RETAIN_SELF = YES;
				CLANG_WARN_OBJC_LITERAL_CONVERSION = YES;
				CLANG_WARN_OBJC_ROOT_CLASS = YES_ERROR;
				CLANG_WARN_QUOTED_INCLUDE_IN_FRAMEWORK_HEADER = YES;
				CLANG_WARN_RANGE_LOOP_ANALYSIS = YES;
				CLANG_WARN_STRICT_PROTOTYPES = YES;
				CLANG_WARN_SUSPICIOUS_MOVE = YES;
				CLANG_WARN_UNGUARDED_AVAILABILITY = YES_AGGRESSIVE;
				CLANG_WARN_UNREACHABLE_CODE = YES;
				CLANG_WARN__DUPLICATE_METHOD_MATCH = YES;
				COPY_PHASE_STRIP = NO;
				DEBUG_INFORMATION_FORMAT = dwarf;
				ENABLE_STRICT_OBJC_MSGSEND = YES;
				ENABLE_TESTABILITY = YES;
				ENABLE_USER_SCRIPT_SANDBOXING = YES;
				GCC_C_LANGUAGE_STANDARD = gnu17;
				GCC_DYNAMIC_NO_PIC = NO;
				GCC_NO_COMMON_BLOCKS = YES;
				GCC_OPTIMIZATION_LEVEL = 0;
				GCC_PREPROCESSOR_DEFINITIONS = (
					"DEBUG=1",
					"$(inherited)",
				);
				GCC_WARN_64_TO_32_BIT_CONVERSION = YES;
				GCC_WARN_ABOUT_RETURN_TYPE = YES_ERROR;
				GCC_WARN_UNDECLARED_SELECTOR = YES;
				GCC_WARN_UNINITIALIZED_AUTOS = YES_AGGRESSIVE;
				GCC_WARN_UNUSED_FUNCTION = YES;
				GCC_WARN_UNUSED_VARIABLE = YES;
				IPHONEOS_DEPLOYMENT_TARGET = 17.0;
				LOCALIZATION_PREFERS_STRING_CATALOGS = YES;
				MTL_ENABLE_DEBUG_INFO = INCLUDE_SOURCE;
				MTL_FAST_MATH = YES;
				ONLY_ACTIVE_ARCH = YES;
				SDKROOT = iphoneos;
				SWIFT_ACTIVE_COMPILATION_CONDITIONS = "DEBUG $(inherited)";
				SWIFT_OPTIMIZATION_LEVEL = "-Onone";
			};
			name = Debug;
		};
		CEEDF1192BA2F118009017E9 /* Release */ = {
			isa = XCBuildConfiguration;
			buildSettings = {
				ALWAYS_SEARCH_USER_PATHS = NO;
				ASSETCATALOG_COMPILER_GENERATE_SWIFT_ASSET_SYMBOL_EXTENSIONS = YES;
				CLANG_ANALYZER_NONNULL = YES;
				CLANG_ANALYZER_NUMBER_OBJECT_CONVERSION = YES_AGGRESSIVE;
				CLANG_CXX_LANGUAGE_STANDARD = "gnu++20";
				CLANG_ENABLE_MODULES = YES;
				CLANG_ENABLE_OBJC_ARC = YES;
				CLANG_ENABLE_OBJC_WEAK = YES;
				CLANG_WARN_BLOCK_CAPTURE_AUTORELEASING = YES;
				CLANG_WARN_BOOL_CONVERSION = YES;
				CLANG_WARN_COMMA = YES;
				CLANG_WARN_CONSTANT_CONVERSION = YES;
				CLANG_WARN_DEPRECATED_OBJC_IMPLEMENTATIONS = YES;
				CLANG_WARN_DIRECT_OBJC_ISA_USAGE = YES_ERROR;
				CLANG_WARN_DOCUMENTATION_COMMENTS = YES;
				CLANG_WARN_EMPTY_BODY = YES;
				CLANG_WARN_ENUM_CONVERSION = YES;
				CLANG_WARN_INFINITE_RECURSION = YES;
				CLANG_WARN_INT_CONVERSION = YES;
				CLANG_WARN_NON_LITERAL_NULL_CONVERSION = YES;
				CLANG_WARN_OBJC_IMPLICIT_RETAIN_SELF = YES;
				CLANG_WARN_OBJC_LITERAL_CONVERSION = YES;
				CLANG_WARN_OBJC_ROOT_CLASS = YES_ERROR;
				CLANG_WARN_QUOTED_INCLUDE_IN_FRAMEWORK_HEADER = YES;
				CLANG_WARN_RANGE_LOOP_ANALYSIS = YES;
				CLANG_WARN_STRICT_PROTOTYPES = YES;
				CLANG_WARN_SUSPICIOUS_MOVE = YES;
				CLANG_WARN_UNGUARDED_AVAILABILITY = YES_AGGRESSIVE;
				CLANG_WARN_UNREACHABLE_CODE = YES;
				CLANG_WARN__DUPLICATE_METHOD_MATCH = YES;
				COPY_PHASE_STRIP = NO;
				DEBUG_INFORMATION_FORMAT = "dwarf-with-dsym";
				ENABLE_NS_ASSERTIONS = NO;
				ENABLE_STRICT_OBJC_MSGSEND = YES;
				ENABLE_USER_SCRIPT_SANDBOXING = YES;
				GCC_C_LANGUAGE_STANDARD = gnu17;
				GCC_NO_COMMON_BLOCKS = YES;
				GCC_WARN_64_TO_32_BIT_CONVERSION = YES;
				GCC_WARN_ABOUT_RETURN_TYPE = YES_ERROR;
				GCC_WARN_UNDECLARED_SELECTOR = YES;
				GCC_WARN_UNINITIALIZED_AUTOS = YES_AGGRESSIVE;
				GCC_WARN_UNUSED_FUNCTION = YES;
				GCC_WARN_UNUSED_VARIABLE = YES;
				IPHONEOS_DEPLOYMENT_TARGET = 17.0;
				LOCALIZATION_PREFERS_STRING_CATALOGS = YES;
				MTL_ENABLE_DEBUG_INFO = NO;
				MTL_FAST_MATH = YES;
				SDKROOT = iphoneos;
				SWIFT_COMPILATION_MODE = wholemodule;
				VALIDATE_PRODUCT = YES;
			};
			name = Release;
		};
		CEEDF11B2BA2F118009017E9 /* Debug */ = {
			isa = XCBuildConfiguration;
			buildSettings = {
				ASSETCATALOG_COMPILER_APPICON_NAME = AppIcon;
				ASSETCATALOG_COMPILER_GLOBAL_ACCENT_COLOR_NAME = AccentColor;
				CODE_SIGN_STYLE = Automatic;
				CURRENT_PROJECT_VERSION = 1;
				DEVELOPMENT_ASSET_PATHS = "\"HydraMate/Preview Content\"";
				DEVELOPMENT_TEAM = ZL9DDXABC9;
				ENABLE_PREVIEWS = YES;
				GENERATE_INFOPLIST_FILE = YES;
				INFOPLIST_KEY_UIApplicationSceneManifest_Generation = YES;
				INFOPLIST_KEY_UIApplicationSupportsIndirectInputEvents = YES;
				INFOPLIST_KEY_UILaunchScreen_Generation = YES;
				INFOPLIST_KEY_UISupportedInterfaceOrientations_iPad = "UIInterfaceOrientationPortrait UIInterfaceOrientationPortraitUpsideDown UIInterfaceOrientationLandscapeLeft UIInterfaceOrientationLandscapeRight";
				INFOPLIST_KEY_UISupportedInterfaceOrientations_iPhone = "UIInterfaceOrientationPortrait UIInterfaceOrientationLandscapeLeft UIInterfaceOrientationLandscapeRight";
				LD_RUNPATH_SEARCH_PATHS = (
					"$(inherited)",
					"@executable_path/Frameworks",
				);
				MARKETING_VERSION = 1.0;
				PRODUCT_BUNDLE_IDENTIFIER = "com.infogen-labs.HydraMate";
				PRODUCT_NAME = "$(TARGET_NAME)";
				SWIFT_EMIT_LOC_STRINGS = YES;
				SWIFT_VERSION = 5.0;
				TARGETED_DEVICE_FAMILY = "1,2";
			};
			name = Debug;
		};
		CEEDF11C2BA2F118009017E9 /* Release */ = {
			isa = XCBuildConfiguration;
			buildSettings = {
				ASSETCATALOG_COMPILER_APPICON_NAME = AppIcon;
				ASSETCATALOG_COMPILER_GLOBAL_ACCENT_COLOR_NAME = AccentColor;
				CODE_SIGN_STYLE = Automatic;
				CURRENT_PROJECT_VERSION = 1;
				DEVELOPMENT_ASSET_PATHS = "\"HydraMate/Preview Content\"";
				DEVELOPMENT_TEAM = ZL9DDXABC9;
				ENABLE_PREVIEWS = YES;
				GENERATE_INFOPLIST_FILE = YES;
				INFOPLIST_KEY_UIApplicationSceneManifest_Generation = YES;
				INFOPLIST_KEY_UIApplicationSupportsIndirectInputEvents = YES;
				INFOPLIST_KEY_UILaunchScreen_Generation = YES;
				INFOPLIST_KEY_UISupportedInterfaceOrientations_iPad = "UIInterfaceOrientationPortrait UIInterfaceOrientationPortraitUpsideDown UIInterfaceOrientationLandscapeLeft UIInterfaceOrientationLandscapeRight";
				INFOPLIST_KEY_UISupportedInterfaceOrientations_iPhone = "UIInterfaceOrientationPortrait UIInterfaceOrientationLandscapeLeft UIInterfaceOrientationLandscapeRight";
				LD_RUNPATH_SEARCH_PATHS = (
					"$(inherited)",
					"@executable_path/Frameworks",
				);
				MARKETING_VERSION = 1.0;
				PRODUCT_BUNDLE_IDENTIFIER = "com.infogen-labs.HydraMate";
				PRODUCT_NAME = "$(TARGET_NAME)";
				SWIFT_EMIT_LOC_STRINGS = YES;
				SWIFT_VERSION = 5.0;
				TARGETED_DEVICE_FAMILY = "1,2";
			};
			name = Release;
		};
/* End XCBuildConfiguration section */

/* Begin XCConfigurationList section */
		CEEDF1022BA2F116009017E9 /* Build configuration list for PBXProject "HydraMate" */ = {
			isa = XCConfigurationList;
			buildConfigurations = (
				CEEDF1182BA2F118009017E9 /* Debug */,
				CEEDF1192BA2F118009017E9 /* Release */,
			);
			defaultConfigurationIsVisible = 0;
			defaultConfigurationName = Release;
		};
		CEEDF11A2BA2F118009017E9 /* Build configuration list for PBXNativeTarget "HydraMate" */ = {
			isa = XCConfigurationList;
			buildConfigurations = (
				CEEDF11B2BA2F118009017E9 /* Debug */,
				CEEDF11C2BA2F118009017E9 /* Release */,
			);
			defaultConfigurationIsVisible = 0;
			defaultConfigurationName = Release;
		};
/* End XCConfigurationList section */

/* Begin XCVersionGroup section */
		CEEDF1152BA2F118009017E9 /* HydraMate.xcdatamodeld */ = {
			isa = XCVersionGroup;
			children = (
				CEEDF1162BA2F118009017E9 /* HydraMate.xcdatamodel */,
			);
			currentVersion = CEEDF1162BA2F118009017E9 /* HydraMate.xcdatamodel */;
			path = HydraMate.xcdatamodeld;
			sourceTree = "<group>";
			versionGroupType = wrapper.xcdatamodel;
		};
/* End XCVersionGroup section */
	};
	rootObject = CEEDF0FF2BA2F116009017E9 /* Project object */;
}
